// !$*UTF8*$!
{
	archiveVersion = 1;
	classes = {
	};
	objectVersion = 56;
	objects = {

/* Begin PBXBuildFile section */
		1014B71F29C5D8E5001A7ED4 /* LaunchScreen.storyboard in Resources */ = {isa = PBXBuildFile; fileRef = 1014B71D29C5D8E5001A7ED4 /* LaunchScreen.storyboard */; };
		1014B72A29C5D8E5001A7ED4 /* PokemonTests.swift in Sources */ = {isa = PBXBuildFile; fileRef = 1014B72929C5D8E5001A7ED4 /* PokemonTests.swift */; };
		1014B73429C5D8E5001A7ED4 /* PokemonUITests.swift in Sources */ = {isa = PBXBuildFile; fileRef = 1014B73329C5D8E5001A7ED4 /* PokemonUITests.swift */; };
		1014B73629C5D8E5001A7ED4 /* PokemonUITestsLaunchTests.swift in Sources */ = {isa = PBXBuildFile; fileRef = 1014B73529C5D8E5001A7ED4 /* PokemonUITestsLaunchTests.swift */; };
		1014B74E29C5D9C6001A7ED4 /* Assets.xcassets in Resources */ = {isa = PBXBuildFile; fileRef = 1014B74A29C5D9C6001A7ED4 /* Assets.xcassets */; };
		1014B75F29C5DE99001A7ED4 /* RootCoordinator.swift in Sources */ = {isa = PBXBuildFile; fileRef = 1014B75A29C5DE99001A7ED4 /* RootCoordinator.swift */; };
		1014B76029C5DE99001A7ED4 /* AppDelegate.swift in Sources */ = {isa = PBXBuildFile; fileRef = 1014B75D29C5DE99001A7ED4 /* AppDelegate.swift */; };
		1014B76129C5DE99001A7ED4 /* SceneDelegate.swift in Sources */ = {isa = PBXBuildFile; fileRef = 1014B75E29C5DE99001A7ED4 /* SceneDelegate.swift */; };
		1014B76429C5DED9001A7ED4 /* UIViewController+Helper.swift in Sources */ = {isa = PBXBuildFile; fileRef = 1014B76329C5DED9001A7ED4 /* UIViewController+Helper.swift */; };
		1014B76729C5DF2E001A7ED4 /* PokemonListCoordinator.swift in Sources */ = {isa = PBXBuildFile; fileRef = 1014B76629C5DF2E001A7ED4 /* PokemonListCoordinator.swift */; };
		1014B76D29C5EA29001A7ED4 /* NetworkClient.swift in Sources */ = {isa = PBXBuildFile; fileRef = 1014B76C29C5EA29001A7ED4 /* NetworkClient.swift */; };
		1014B77029C5EA53001A7ED4 /* APIConstants.swift in Sources */ = {isa = PBXBuildFile; fileRef = 1014B76F29C5EA53001A7ED4 /* APIConstants.swift */; };
		1014B77229C5EB27001A7ED4 /* ServiceCollection.swift in Sources */ = {isa = PBXBuildFile; fileRef = 1014B77129C5EB27001A7ED4 /* ServiceCollection.swift */; };
		1014B77429C5EB5B001A7ED4 /* Service.swift in Sources */ = {isa = PBXBuildFile; fileRef = 1014B77329C5EB5B001A7ED4 /* Service.swift */; };
		1014B77629C5EBA5001A7ED4 /* PokemonsService.swift in Sources */ = {isa = PBXBuildFile; fileRef = 1014B77529C5EBA5001A7ED4 /* PokemonsService.swift */; };
		1014B77829C5EEBA001A7ED4 /* Pokemon.swift in Sources */ = {isa = PBXBuildFile; fileRef = 1014B77729C5EEBA001A7ED4 /* Pokemon.swift */; };
		1014B77A29C5FB48001A7ED4 /* UITableView+Helper.swift in Sources */ = {isa = PBXBuildFile; fileRef = 1014B77929C5FB48001A7ED4 /* UITableView+Helper.swift */; };
		1014B77C29C5FEE1001A7ED4 /* ShimmerView.swift in Sources */ = {isa = PBXBuildFile; fileRef = 1014B77B29C5FEE1001A7ED4 /* ShimmerView.swift */; };
		1014B77E29C5FEFD001A7ED4 /* ShimmerTableViewCell.swift in Sources */ = {isa = PBXBuildFile; fileRef = 1014B77D29C5FEFD001A7ED4 /* ShimmerTableViewCell.swift */; };
		1014B78029C60589001A7ED4 /* PokemonTableViewCell.swift in Sources */ = {isa = PBXBuildFile; fileRef = 1014B77F29C60589001A7ED4 /* PokemonTableViewCell.swift */; };
		1014B78529C60FD5001A7ED4 /* PokemonListViewModel.swift in Sources */ = {isa = PBXBuildFile; fileRef = 1014B78329C60FD5001A7ED4 /* PokemonListViewModel.swift */; };
		1014B78629C60FD5001A7ED4 /* PokemonListViewController.swift in Sources */ = {isa = PBXBuildFile; fileRef = 1014B78429C60FD5001A7ED4 /* PokemonListViewController.swift */; };
		1014B78929C6104A001A7ED4 /* PokemonDetailsViewController.swift in Sources */ = {isa = PBXBuildFile; fileRef = 1014B78729C6104A001A7ED4 /* PokemonDetailsViewController.swift */; };
		1014B78A29C6104A001A7ED4 /* PokemonDetailsViewModel.swift in Sources */ = {isa = PBXBuildFile; fileRef = 1014B78829C6104A001A7ED4 /* PokemonDetailsViewModel.swift */; };
		10D47C5F29C7B5760041343D /* PokemonDetails.swift in Sources */ = {isa = PBXBuildFile; fileRef = 10D47C5E29C7B5760041343D /* PokemonDetails.swift */; };
		10D47C6229C7BA770041343D /* Kingfisher in Frameworks */ = {isa = PBXBuildFile; productRef = 10D47C6129C7BA770041343D /* Kingfisher */; };
		10D47C6429C7BB790041343D /* PokemonDetailsCoordinator.swift in Sources */ = {isa = PBXBuildFile; fileRef = 10D47C6329C7BB790041343D /* PokemonDetailsCoordinator.swift */; };
		10D47C6929C7BF270041343D /* PokemonDetailsLoadingViewController.swift in Sources */ = {isa = PBXBuildFile; fileRef = 10D47C6829C7BF270041343D /* PokemonDetailsLoadingViewController.swift */; };
		10D47C6B29C7BF350041343D /* PokemonDetailsLoadingViewModel.swift in Sources */ = {isa = PBXBuildFile; fileRef = 10D47C6A29C7BF350041343D /* PokemonDetailsLoadingViewModel.swift */; };
		10D47C6E29C7C2320041343D /* Lottie in Frameworks */ = {isa = PBXBuildFile; productRef = 10D47C6D29C7C2320041343D /* Lottie */; };
		10D47C7029C7C2550041343D /* retry-animation.json in Resources */ = {isa = PBXBuildFile; fileRef = 10D47C6F29C7C2550041343D /* retry-animation.json */; };
		10D47C7229C7C2790041343D /* ErrorViewController.swift in Sources */ = {isa = PBXBuildFile; fileRef = 10D47C7129C7C2790041343D /* ErrorViewController.swift */; };
/* End PBXBuildFile section */

/* Begin PBXContainerItemProxy section */
		1014B72629C5D8E5001A7ED4 /* PBXContainerItemProxy */ = {
			isa = PBXContainerItemProxy;
			containerPortal = 1014B70729C5D8E3001A7ED4 /* Project object */;
			proxyType = 1;
			remoteGlobalIDString = 1014B70E29C5D8E3001A7ED4;
			remoteInfo = Pokemon;
		};
		1014B73029C5D8E5001A7ED4 /* PBXContainerItemProxy */ = {
			isa = PBXContainerItemProxy;
			containerPortal = 1014B70729C5D8E3001A7ED4 /* Project object */;
			proxyType = 1;
			remoteGlobalIDString = 1014B70E29C5D8E3001A7ED4;
			remoteInfo = Pokemon;
		};
/* End PBXContainerItemProxy section */

/* Begin PBXFileReference section */
		1014B70F29C5D8E3001A7ED4 /* Pokemon.app */ = {isa = PBXFileReference; explicitFileType = wrapper.application; includeInIndex = 0; path = Pokemon.app; sourceTree = BUILT_PRODUCTS_DIR; };
		1014B71E29C5D8E5001A7ED4 /* Base */ = {isa = PBXFileReference; lastKnownFileType = file.storyboard; name = Base; path = Base.lproj/LaunchScreen.storyboard; sourceTree = "<group>"; };
		1014B72029C5D8E5001A7ED4 /* Info.plist */ = {isa = PBXFileReference; lastKnownFileType = text.plist.xml; path = Info.plist; sourceTree = "<group>"; };
		1014B72529C5D8E5001A7ED4 /* PokemonTests.xctest */ = {isa = PBXFileReference; explicitFileType = wrapper.cfbundle; includeInIndex = 0; path = PokemonTests.xctest; sourceTree = BUILT_PRODUCTS_DIR; };
		1014B72929C5D8E5001A7ED4 /* PokemonTests.swift */ = {isa = PBXFileReference; lastKnownFileType = sourcecode.swift; path = PokemonTests.swift; sourceTree = "<group>"; };
		1014B72F29C5D8E5001A7ED4 /* PokemonUITests.xctest */ = {isa = PBXFileReference; explicitFileType = wrapper.cfbundle; includeInIndex = 0; path = PokemonUITests.xctest; sourceTree = BUILT_PRODUCTS_DIR; };
		1014B73329C5D8E5001A7ED4 /* PokemonUITests.swift */ = {isa = PBXFileReference; lastKnownFileType = sourcecode.swift; path = PokemonUITests.swift; sourceTree = "<group>"; };
		1014B73529C5D8E5001A7ED4 /* PokemonUITestsLaunchTests.swift */ = {isa = PBXFileReference; lastKnownFileType = sourcecode.swift; path = PokemonUITestsLaunchTests.swift; sourceTree = "<group>"; };
		1014B74A29C5D9C6001A7ED4 /* Assets.xcassets */ = {isa = PBXFileReference; lastKnownFileType = folder.assetcatalog; path = Assets.xcassets; sourceTree = "<group>"; };
		1014B75A29C5DE99001A7ED4 /* RootCoordinator.swift */ = {isa = PBXFileReference; fileEncoding = 4; lastKnownFileType = sourcecode.swift; path = RootCoordinator.swift; sourceTree = "<group>"; };
		1014B75D29C5DE99001A7ED4 /* AppDelegate.swift */ = {isa = PBXFileReference; fileEncoding = 4; lastKnownFileType = sourcecode.swift; path = AppDelegate.swift; sourceTree = "<group>"; };
		1014B75E29C5DE99001A7ED4 /* SceneDelegate.swift */ = {isa = PBXFileReference; fileEncoding = 4; lastKnownFileType = sourcecode.swift; path = SceneDelegate.swift; sourceTree = "<group>"; };
		1014B76329C5DED9001A7ED4 /* UIViewController+Helper.swift */ = {isa = PBXFileReference; lastKnownFileType = sourcecode.swift; path = "UIViewController+Helper.swift"; sourceTree = "<group>"; };
		1014B76629C5DF2E001A7ED4 /* PokemonListCoordinator.swift */ = {isa = PBXFileReference; lastKnownFileType = sourcecode.swift; path = PokemonListCoordinator.swift; sourceTree = "<group>"; };
		1014B76C29C5EA29001A7ED4 /* NetworkClient.swift */ = {isa = PBXFileReference; lastKnownFileType = sourcecode.swift; path = NetworkClient.swift; sourceTree = "<group>"; };
		1014B76F29C5EA53001A7ED4 /* APIConstants.swift */ = {isa = PBXFileReference; lastKnownFileType = sourcecode.swift; path = APIConstants.swift; sourceTree = "<group>"; };
		1014B77129C5EB27001A7ED4 /* ServiceCollection.swift */ = {isa = PBXFileReference; lastKnownFileType = sourcecode.swift; path = ServiceCollection.swift; sourceTree = "<group>"; };
		1014B77329C5EB5B001A7ED4 /* Service.swift */ = {isa = PBXFileReference; lastKnownFileType = sourcecode.swift; path = Service.swift; sourceTree = "<group>"; };
		1014B77529C5EBA5001A7ED4 /* PokemonsService.swift */ = {isa = PBXFileReference; lastKnownFileType = sourcecode.swift; path = PokemonsService.swift; sourceTree = "<group>"; };
		1014B77729C5EEBA001A7ED4 /* Pokemon.swift */ = {isa = PBXFileReference; lastKnownFileType = sourcecode.swift; path = Pokemon.swift; sourceTree = "<group>"; };
		1014B77929C5FB48001A7ED4 /* UITableView+Helper.swift */ = {isa = PBXFileReference; lastKnownFileType = sourcecode.swift; path = "UITableView+Helper.swift"; sourceTree = "<group>"; };
		1014B77B29C5FEE1001A7ED4 /* ShimmerView.swift */ = {isa = PBXFileReference; lastKnownFileType = sourcecode.swift; path = ShimmerView.swift; sourceTree = "<group>"; };
		1014B77D29C5FEFD001A7ED4 /* ShimmerTableViewCell.swift */ = {isa = PBXFileReference; lastKnownFileType = sourcecode.swift; path = ShimmerTableViewCell.swift; sourceTree = "<group>"; };
		1014B77F29C60589001A7ED4 /* PokemonTableViewCell.swift */ = {isa = PBXFileReference; lastKnownFileType = sourcecode.swift; path = PokemonTableViewCell.swift; sourceTree = "<group>"; };
		1014B78329C60FD5001A7ED4 /* PokemonListViewModel.swift */ = {isa = PBXFileReference; fileEncoding = 4; lastKnownFileType = sourcecode.swift; path = PokemonListViewModel.swift; sourceTree = "<group>"; };
		1014B78429C60FD5001A7ED4 /* PokemonListViewController.swift */ = {isa = PBXFileReference; fileEncoding = 4; lastKnownFileType = sourcecode.swift; path = PokemonListViewController.swift; sourceTree = "<group>"; };
		1014B78729C6104A001A7ED4 /* PokemonDetailsViewController.swift */ = {isa = PBXFileReference; fileEncoding = 4; lastKnownFileType = sourcecode.swift; path = PokemonDetailsViewController.swift; sourceTree = "<group>"; };
		1014B78829C6104A001A7ED4 /* PokemonDetailsViewModel.swift */ = {isa = PBXFileReference; fileEncoding = 4; lastKnownFileType = sourcecode.swift; path = PokemonDetailsViewModel.swift; sourceTree = "<group>"; };
		10D47C5E29C7B5760041343D /* PokemonDetails.swift */ = {isa = PBXFileReference; lastKnownFileType = sourcecode.swift; path = PokemonDetails.swift; sourceTree = "<group>"; };
		10D47C6329C7BB790041343D /* PokemonDetailsCoordinator.swift */ = {isa = PBXFileReference; lastKnownFileType = sourcecode.swift; path = PokemonDetailsCoordinator.swift; sourceTree = "<group>"; };
		10D47C6829C7BF270041343D /* PokemonDetailsLoadingViewController.swift */ = {isa = PBXFileReference; fileEncoding = 4; lastKnownFileType = sourcecode.swift; path = PokemonDetailsLoadingViewController.swift; sourceTree = "<group>"; };
		10D47C6A29C7BF350041343D /* PokemonDetailsLoadingViewModel.swift */ = {isa = PBXFileReference; lastKnownFileType = sourcecode.swift; path = PokemonDetailsLoadingViewModel.swift; sourceTree = "<group>"; };
		10D47C6F29C7C2550041343D /* retry-animation.json */ = {isa = PBXFileReference; fileEncoding = 4; lastKnownFileType = text.json; path = "retry-animation.json"; sourceTree = "<group>"; };
		10D47C7129C7C2790041343D /* ErrorViewController.swift */ = {isa = PBXFileReference; lastKnownFileType = sourcecode.swift; path = ErrorViewController.swift; sourceTree = "<group>"; };
/* End PBXFileReference section */

/* Begin PBXFrameworksBuildPhase section */
		1014B70C29C5D8E3001A7ED4 /* Frameworks */ = {
			isa = PBXFrameworksBuildPhase;
			buildActionMask = 2147483647;
			files = (
				10D47C6229C7BA770041343D /* Kingfisher in Frameworks */,
				10D47C6E29C7C2320041343D /* Lottie in Frameworks */,
			);
			runOnlyForDeploymentPostprocessing = 0;
		};
		1014B72229C5D8E5001A7ED4 /* Frameworks */ = {
			isa = PBXFrameworksBuildPhase;
			buildActionMask = 2147483647;
			files = (
			);
			runOnlyForDeploymentPostprocessing = 0;
		};
		1014B72C29C5D8E5001A7ED4 /* Frameworks */ = {
			isa = PBXFrameworksBuildPhase;
			buildActionMask = 2147483647;
			files = (
			);
			runOnlyForDeploymentPostprocessing = 0;
		};
/* End PBXFrameworksBuildPhase section */

/* Begin PBXGroup section */
		1014B70629C5D8E3001A7ED4 = {
			isa = PBXGroup;
			children = (
				1014B71129C5D8E3001A7ED4 /* Pokemon */,
				1014B72829C5D8E5001A7ED4 /* PokemonTests */,
				1014B73229C5D8E5001A7ED4 /* PokemonUITests */,
				1014B71029C5D8E3001A7ED4 /* Products */,
			);
			sourceTree = "<group>";
		};
		1014B71029C5D8E3001A7ED4 /* Products */ = {
			isa = PBXGroup;
			children = (
				1014B70F29C5D8E3001A7ED4 /* Pokemon.app */,
				1014B72529C5D8E5001A7ED4 /* PokemonTests.xctest */,
				1014B72F29C5D8E5001A7ED4 /* PokemonUITests.xctest */,
			);
			name = Products;
			sourceTree = "<group>";
		};
		1014B71129C5D8E3001A7ED4 /* Pokemon */ = {
			isa = PBXGroup;
			children = (
				1014B75329C5DE99001A7ED4 /* Sources */,
				1014B74929C5D9C6001A7ED4 /* Resources */,
				1014B71D29C5D8E5001A7ED4 /* LaunchScreen.storyboard */,
				1014B72029C5D8E5001A7ED4 /* Info.plist */,
			);
			path = Pokemon;
			sourceTree = "<group>";
		};
		1014B72829C5D8E5001A7ED4 /* PokemonTests */ = {
			isa = PBXGroup;
			children = (
				1014B72929C5D8E5001A7ED4 /* PokemonTests.swift */,
			);
			path = PokemonTests;
			sourceTree = "<group>";
		};
		1014B73229C5D8E5001A7ED4 /* PokemonUITests */ = {
			isa = PBXGroup;
			children = (
				1014B73329C5D8E5001A7ED4 /* PokemonUITests.swift */,
				1014B73529C5D8E5001A7ED4 /* PokemonUITestsLaunchTests.swift */,
			);
			path = PokemonUITests;
			sourceTree = "<group>";
		};
		1014B74929C5D9C6001A7ED4 /* Resources */ = {
			isa = PBXGroup;
			children = (
				1014B74A29C5D9C6001A7ED4 /* Assets.xcassets */,
				10D47C6F29C7C2550041343D /* retry-animation.json */,
			);
			path = Resources;
			sourceTree = "<group>";
		};
		1014B75329C5DE99001A7ED4 /* Sources */ = {
			isa = PBXGroup;
			children = (
				1014B76E29C5EA49001A7ED4 /* Constants */,
				1014B75C29C5DE99001A7ED4 /* Main */,
				1014B75829C5DE99001A7ED4 /* UserInterface */,
				1014B75429C5DE99001A7ED4 /* Logic */,
				1014B76229C5DEC5001A7ED4 /* Extensions */,
			);
			path = Sources;
			sourceTree = "<group>";
		};
		1014B75429C5DE99001A7ED4 /* Logic */ = {
			isa = PBXGroup;
			children = (
				1014B75629C5DE99001A7ED4 /* Models */,
				1014B75529C5DE99001A7ED4 /* Networking */,
				1014B75729C5DE99001A7ED4 /* Services */,
			);
			path = Logic;
			sourceTree = "<group>";
		};
		1014B75529C5DE99001A7ED4 /* Networking */ = {
			isa = PBXGroup;
			children = (
				1014B76C29C5EA29001A7ED4 /* NetworkClient.swift */,
				1014B77129C5EB27001A7ED4 /* ServiceCollection.swift */,
			);
			path = Networking;
			sourceTree = "<group>";
		};
		1014B75629C5DE99001A7ED4 /* Models */ = {
			isa = PBXGroup;
			children = (
				1014B77729C5EEBA001A7ED4 /* Pokemon.swift */,
				10D47C5E29C7B5760041343D /* PokemonDetails.swift */,
			);
			path = Models;
			sourceTree = "<group>";
		};
		1014B75729C5DE99001A7ED4 /* Services */ = {
			isa = PBXGroup;
			children = (
				1014B77329C5EB5B001A7ED4 /* Service.swift */,
				1014B77529C5EBA5001A7ED4 /* PokemonsService.swift */,
			);
			path = Services;
			sourceTree = "<group>";
		};
		1014B75829C5DE99001A7ED4 /* UserInterface */ = {
			isa = PBXGroup;
			children = (
				1014B75929C5DE99001A7ED4 /* Scenes */,
				1014B75B29C5DE99001A7ED4 /* Views */,
			);
			path = UserInterface;
			sourceTree = "<group>";
		};
		1014B75929C5DE99001A7ED4 /* Scenes */ = {
			isa = PBXGroup;
			children = (
				1014B75A29C5DE99001A7ED4 /* RootCoordinator.swift */,
				10D47C7129C7C2790041343D /* ErrorViewController.swift */,
				1014B76529C5DF21001A7ED4 /* PokemonList */,
			);
			path = Scenes;
			sourceTree = "<group>";
		};
		1014B75B29C5DE99001A7ED4 /* Views */ = {
			isa = PBXGroup;
			children = (
				1014B77F29C60589001A7ED4 /* PokemonTableViewCell.swift */,
				1014B77B29C5FEE1001A7ED4 /* ShimmerView.swift */,
				1014B77D29C5FEFD001A7ED4 /* ShimmerTableViewCell.swift */,
			);
			path = Views;
			sourceTree = "<group>";
		};
		1014B75C29C5DE99001A7ED4 /* Main */ = {
			isa = PBXGroup;
			children = (
				1014B75D29C5DE99001A7ED4 /* AppDelegate.swift */,
				1014B75E29C5DE99001A7ED4 /* SceneDelegate.swift */,
			);
			path = Main;
			sourceTree = "<group>";
		};
		1014B76229C5DEC5001A7ED4 /* Extensions */ = {
			isa = PBXGroup;
			children = (
				1014B77929C5FB48001A7ED4 /* UITableView+Helper.swift */,
				1014B76329C5DED9001A7ED4 /* UIViewController+Helper.swift */,
			);
			path = Extensions;
			sourceTree = "<group>";
		};
		1014B76529C5DF21001A7ED4 /* PokemonList */ = {
			isa = PBXGroup;
			children = (
				1014B78229C60FD5001A7ED4 /* PokemonList */,
				1014B78129C60FD5001A7ED4 /* PokemonDetails */,
			);
			path = PokemonList;
			sourceTree = "<group>";
		};
		1014B76E29C5EA49001A7ED4 /* Constants */ = {
			isa = PBXGroup;
			children = (
				1014B76F29C5EA53001A7ED4 /* APIConstants.swift */,
			);
			path = Constants;
			sourceTree = "<group>";
		};
		1014B78129C60FD5001A7ED4 /* PokemonDetails */ = {
			isa = PBXGroup;
			children = (
				10D47C6729C7BF270041343D /* PokemonDetailsLoading */,
				10D47C6329C7BB790041343D /* PokemonDetailsCoordinator.swift */,
				1014B78729C6104A001A7ED4 /* PokemonDetailsViewController.swift */,
				1014B78829C6104A001A7ED4 /* PokemonDetailsViewModel.swift */,
			);
			path = PokemonDetails;
			sourceTree = "<group>";
		};
		1014B78229C60FD5001A7ED4 /* PokemonList */ = {
			isa = PBXGroup;
			children = (
				1014B76629C5DF2E001A7ED4 /* PokemonListCoordinator.swift */,
				1014B78429C60FD5001A7ED4 /* PokemonListViewController.swift */,
				1014B78329C60FD5001A7ED4 /* PokemonListViewModel.swift */,
			);
			path = PokemonList;
			sourceTree = "<group>";
		};
		10D47C6729C7BF270041343D /* PokemonDetailsLoading */ = {
			isa = PBXGroup;
			children = (
				10D47C6829C7BF270041343D /* PokemonDetailsLoadingViewController.swift */,
				10D47C6A29C7BF350041343D /* PokemonDetailsLoadingViewModel.swift */,
			);
			path = PokemonDetailsLoading;
			sourceTree = "<group>";
		};
/* End PBXGroup section */

/* Begin PBXNativeTarget section */
		1014B70E29C5D8E3001A7ED4 /* Pokemon */ = {
			isa = PBXNativeTarget;
			buildConfigurationList = 1014B73929C5D8E5001A7ED4 /* Build configuration list for PBXNativeTarget "Pokemon" */;
			buildPhases = (
				1014B70B29C5D8E3001A7ED4 /* Sources */,
				1014B70C29C5D8E3001A7ED4 /* Frameworks */,
				1014B70D29C5D8E3001A7ED4 /* Resources */,
			);
			buildRules = (
			);
			dependencies = (
			);
			name = Pokemon;
			packageProductDependencies = (
				10D47C6129C7BA770041343D /* Kingfisher */,
				10D47C6D29C7C2320041343D /* Lottie */,
			);
			productName = Pokemon;
			productReference = 1014B70F29C5D8E3001A7ED4 /* Pokemon.app */;
			productType = "com.apple.product-type.application";
		};
		1014B72429C5D8E5001A7ED4 /* PokemonTests */ = {
			isa = PBXNativeTarget;
			buildConfigurationList = 1014B73C29C5D8E5001A7ED4 /* Build configuration list for PBXNativeTarget "PokemonTests" */;
			buildPhases = (
				1014B72129C5D8E5001A7ED4 /* Sources */,
				1014B72229C5D8E5001A7ED4 /* Frameworks */,
				1014B72329C5D8E5001A7ED4 /* Resources */,
			);
			buildRules = (
			);
			dependencies = (
				1014B72729C5D8E5001A7ED4 /* PBXTargetDependency */,
			);
			name = PokemonTests;
			productName = PokemonTests;
			productReference = 1014B72529C5D8E5001A7ED4 /* PokemonTests.xctest */;
			productType = "com.apple.product-type.bundle.unit-test";
		};
		1014B72E29C5D8E5001A7ED4 /* PokemonUITests */ = {
			isa = PBXNativeTarget;
			buildConfigurationList = 1014B73F29C5D8E5001A7ED4 /* Build configuration list for PBXNativeTarget "PokemonUITests" */;
			buildPhases = (
				1014B72B29C5D8E5001A7ED4 /* Sources */,
				1014B72C29C5D8E5001A7ED4 /* Frameworks */,
				1014B72D29C5D8E5001A7ED4 /* Resources */,
			);
			buildRules = (
			);
			dependencies = (
				1014B73129C5D8E5001A7ED4 /* PBXTargetDependency */,
			);
			name = PokemonUITests;
			productName = PokemonUITests;
			productReference = 1014B72F29C5D8E5001A7ED4 /* PokemonUITests.xctest */;
			productType = "com.apple.product-type.bundle.ui-testing";
		};
/* End PBXNativeTarget section */

/* Begin PBXProject section */
		1014B70729C5D8E3001A7ED4 /* Project object */ = {
			isa = PBXProject;
			attributes = {
				BuildIndependentTargetsInParallel = 1;
				LastSwiftUpdateCheck = 1420;
				LastUpgradeCheck = 1420;
				TargetAttributes = {
					1014B70E29C5D8E3001A7ED4 = {
						CreatedOnToolsVersion = 14.2;
					};
					1014B72429C5D8E5001A7ED4 = {
						CreatedOnToolsVersion = 14.2;
						TestTargetID = 1014B70E29C5D8E3001A7ED4;
					};
					1014B72E29C5D8E5001A7ED4 = {
						CreatedOnToolsVersion = 14.2;
						TestTargetID = 1014B70E29C5D8E3001A7ED4;
					};
				};
			};
			buildConfigurationList = 1014B70A29C5D8E3001A7ED4 /* Build configuration list for PBXProject "Pokemon" */;
			compatibilityVersion = "Xcode 14.0";
			developmentRegion = en;
			hasScannedForEncodings = 0;
			knownRegions = (
				en,
				Base,
			);
			mainGroup = 1014B70629C5D8E3001A7ED4;
			packageReferences = (
				10D47C6029C7BA770041343D /* XCRemoteSwiftPackageReference "Kingfisher" */,
				10D47C6C29C7C2320041343D /* XCRemoteSwiftPackageReference "lottie-ios" */,
			);
			productRefGroup = 1014B71029C5D8E3001A7ED4 /* Products */;
			projectDirPath = "";
			projectRoot = "";
			targets = (
				1014B70E29C5D8E3001A7ED4 /* Pokemon */,
				1014B72429C5D8E5001A7ED4 /* PokemonTests */,
				1014B72E29C5D8E5001A7ED4 /* PokemonUITests */,
			);
		};
/* End PBXProject section */

/* Begin PBXResourcesBuildPhase section */
		1014B70D29C5D8E3001A7ED4 /* Resources */ = {
			isa = PBXResourcesBuildPhase;
			buildActionMask = 2147483647;
			files = (
				1014B74E29C5D9C6001A7ED4 /* Assets.xcassets in Resources */,
				1014B71F29C5D8E5001A7ED4 /* LaunchScreen.storyboard in Resources */,
				10D47C7029C7C2550041343D /* retry-animation.json in Resources */,
			);
			runOnlyForDeploymentPostprocessing = 0;
		};
		1014B72329C5D8E5001A7ED4 /* Resources */ = {
			isa = PBXResourcesBuildPhase;
			buildActionMask = 2147483647;
			files = (
			);
			runOnlyForDeploymentPostprocessing = 0;
		};
		1014B72D29C5D8E5001A7ED4 /* Resources */ = {
			isa = PBXResourcesBuildPhase;
			buildActionMask = 2147483647;
			files = (
			);
			runOnlyForDeploymentPostprocessing = 0;
		};
/* End PBXResourcesBuildPhase section */

/* Begin PBXSourcesBuildPhase section */
		1014B70B29C5D8E3001A7ED4 /* Sources */ = {
			isa = PBXSourcesBuildPhase;
			buildActionMask = 2147483647;
			files = (
				10D47C6929C7BF270041343D /* PokemonDetailsLoadingViewController.swift in Sources */,
				1014B76429C5DED9001A7ED4 /* UIViewController+Helper.swift in Sources */,
				1014B77629C5EBA5001A7ED4 /* PokemonsService.swift in Sources */,
				1014B76029C5DE99001A7ED4 /* AppDelegate.swift in Sources */,
				1014B75F29C5DE99001A7ED4 /* RootCoordinator.swift in Sources */,
				10D47C6B29C7BF350041343D /* PokemonDetailsLoadingViewModel.swift in Sources */,
				1014B78929C6104A001A7ED4 /* PokemonDetailsViewController.swift in Sources */,
				1014B78029C60589001A7ED4 /* PokemonTableViewCell.swift in Sources */,
				1014B76729C5DF2E001A7ED4 /* PokemonListCoordinator.swift in Sources */,
				1014B78629C60FD5001A7ED4 /* PokemonListViewController.swift in Sources */,
				1014B78529C60FD5001A7ED4 /* PokemonListViewModel.swift in Sources */,
				1014B77A29C5FB48001A7ED4 /* UITableView+Helper.swift in Sources */,
				1014B77229C5EB27001A7ED4 /* ServiceCollection.swift in Sources */,
				10D47C7229C7C2790041343D /* ErrorViewController.swift in Sources */,
				1014B77029C5EA53001A7ED4 /* APIConstants.swift in Sources */,
				1014B77829C5EEBA001A7ED4 /* Pokemon.swift in Sources */,
				1014B77429C5EB5B001A7ED4 /* Service.swift in Sources */,
				10D47C5F29C7B5760041343D /* PokemonDetails.swift in Sources */,
				1014B77C29C5FEE1001A7ED4 /* ShimmerView.swift in Sources */,
				10D47C6429C7BB790041343D /* PokemonDetailsCoordinator.swift in Sources */,
				1014B78A29C6104A001A7ED4 /* PokemonDetailsViewModel.swift in Sources */,
				1014B77E29C5FEFD001A7ED4 /* ShimmerTableViewCell.swift in Sources */,
				1014B76129C5DE99001A7ED4 /* SceneDelegate.swift in Sources */,
				1014B76D29C5EA29001A7ED4 /* NetworkClient.swift in Sources */,
			);
			runOnlyForDeploymentPostprocessing = 0;
		};
		1014B72129C5D8E5001A7ED4 /* Sources */ = {
			isa = PBXSourcesBuildPhase;
			buildActionMask = 2147483647;
			files = (
				1014B72A29C5D8E5001A7ED4 /* PokemonTests.swift in Sources */,
			);
			runOnlyForDeploymentPostprocessing = 0;
		};
		1014B72B29C5D8E5001A7ED4 /* Sources */ = {
			isa = PBXSourcesBuildPhase;
			buildActionMask = 2147483647;
			files = (
				1014B73629C5D8E5001A7ED4 /* PokemonUITestsLaunchTests.swift in Sources */,
				1014B73429C5D8E5001A7ED4 /* PokemonUITests.swift in Sources */,
			);
			runOnlyForDeploymentPostprocessing = 0;
		};
/* End PBXSourcesBuildPhase section */

/* Begin PBXTargetDependency section */
		1014B72729C5D8E5001A7ED4 /* PBXTargetDependency */ = {
			isa = PBXTargetDependency;
			target = 1014B70E29C5D8E3001A7ED4 /* Pokemon */;
			targetProxy = 1014B72629C5D8E5001A7ED4 /* PBXContainerItemProxy */;
		};
		1014B73129C5D8E5001A7ED4 /* PBXTargetDependency */ = {
			isa = PBXTargetDependency;
			target = 1014B70E29C5D8E3001A7ED4 /* Pokemon */;
			targetProxy = 1014B73029C5D8E5001A7ED4 /* PBXContainerItemProxy */;
		};
/* End PBXTargetDependency section */

/* Begin PBXVariantGroup section */
		1014B71D29C5D8E5001A7ED4 /* LaunchScreen.storyboard */ = {
			isa = PBXVariantGroup;
			children = (
				1014B71E29C5D8E5001A7ED4 /* Base */,
			);
			name = LaunchScreen.storyboard;
			sourceTree = "<group>";
		};
/* End PBXVariantGroup section */

/* Begin XCBuildConfiguration section */
		1014B73729C5D8E5001A7ED4 /* Debug */ = {
			isa = XCBuildConfiguration;
			buildSettings = {
				ALWAYS_SEARCH_USER_PATHS = NO;
				CLANG_ANALYZER_NONNULL = YES;
				CLANG_ANALYZER_NUMBER_OBJECT_CONVERSION = YES_AGGRESSIVE;
				CLANG_CXX_LANGUAGE_STANDARD = "gnu++20";
				CLANG_ENABLE_MODULES = YES;
				CLANG_ENABLE_OBJC_ARC = YES;
				CLANG_ENABLE_OBJC_WEAK = YES;
				CLANG_WARN_BLOCK_CAPTURE_AUTORELEASING = YES;
				CLANG_WARN_BOOL_CONVERSION = YES;
				CLANG_WARN_COMMA = YES;
				CLANG_WARN_CONSTANT_CONVERSION = YES;
				CLANG_WARN_DEPRECATED_OBJC_IMPLEMENTATIONS = YES;
				CLANG_WARN_DIRECT_OBJC_ISA_USAGE = YES_ERROR;
				CLANG_WARN_DOCUMENTATION_COMMENTS = YES;
				CLANG_WARN_EMPTY_BODY = YES;
				CLANG_WARN_ENUM_CONVERSION = YES;
				CLANG_WARN_INFINITE_RECURSION = YES;
				CLANG_WARN_INT_CONVERSION = YES;
				CLANG_WARN_NON_LITERAL_NULL_CONVERSION = YES;
				CLANG_WARN_OBJC_IMPLICIT_RETAIN_SELF = YES;
				CLANG_WARN_OBJC_LITERAL_CONVERSION = YES;
				CLANG_WARN_OBJC_ROOT_CLASS = YES_ERROR;
				CLANG_WARN_QUOTED_INCLUDE_IN_FRAMEWORK_HEADER = YES;
				CLANG_WARN_RANGE_LOOP_ANALYSIS = YES;
				CLANG_WARN_STRICT_PROTOTYPES = YES;
				CLANG_WARN_SUSPICIOUS_MOVE = YES;
				CLANG_WARN_UNGUARDED_AVAILABILITY = YES_AGGRESSIVE;
				CLANG_WARN_UNREACHABLE_CODE = YES;
				CLANG_WARN__DUPLICATE_METHOD_MATCH = YES;
				COPY_PHASE_STRIP = NO;
				DEBUG_INFORMATION_FORMAT = dwarf;
				ENABLE_STRICT_OBJC_MSGSEND = YES;
				ENABLE_TESTABILITY = YES;
				GCC_C_LANGUAGE_STANDARD = gnu11;
				GCC_DYNAMIC_NO_PIC = NO;
				GCC_NO_COMMON_BLOCKS = YES;
				GCC_OPTIMIZATION_LEVEL = 0;
				GCC_PREPROCESSOR_DEFINITIONS = (
					"DEBUG=1",
					"$(inherited)",
				);
				GCC_WARN_64_TO_32_BIT_CONVERSION = YES;
				GCC_WARN_ABOUT_RETURN_TYPE = YES_ERROR;
				GCC_WARN_UNDECLARED_SELECTOR = YES;
				GCC_WARN_UNINITIALIZED_AUTOS = YES_AGGRESSIVE;
				GCC_WARN_UNUSED_FUNCTION = YES;
				GCC_WARN_UNUSED_VARIABLE = YES;
				IPHONEOS_DEPLOYMENT_TARGET = 16.2;
				MTL_ENABLE_DEBUG_INFO = INCLUDE_SOURCE;
				MTL_FAST_MATH = YES;
				ONLY_ACTIVE_ARCH = YES;
				SDKROOT = iphoneos;
				SWIFT_ACTIVE_COMPILATION_CONDITIONS = DEBUG;
				SWIFT_OPTIMIZATION_LEVEL = "-Onone";
			};
			name = Debug;
		};
		1014B73829C5D8E5001A7ED4 /* Release */ = {
			isa = XCBuildConfiguration;
			buildSettings = {
				ALWAYS_SEARCH_USER_PATHS = NO;
				CLANG_ANALYZER_NONNULL = YES;
				CLANG_ANALYZER_NUMBER_OBJECT_CONVERSION = YES_AGGRESSIVE;
				CLANG_CXX_LANGUAGE_STANDARD = "gnu++20";
				CLANG_ENABLE_MODULES = YES;
				CLANG_ENABLE_OBJC_ARC = YES;
				CLANG_ENABLE_OBJC_WEAK = YES;
				CLANG_WARN_BLOCK_CAPTURE_AUTORELEASING = YES;
				CLANG_WARN_BOOL_CONVERSION = YES;
				CLANG_WARN_COMMA = YES;
				CLANG_WARN_CONSTANT_CONVERSION = YES;
				CLANG_WARN_DEPRECATED_OBJC_IMPLEMENTATIONS = YES;
				CLANG_WARN_DIRECT_OBJC_ISA_USAGE = YES_ERROR;
				CLANG_WARN_DOCUMENTATION_COMMENTS = YES;
				CLANG_WARN_EMPTY_BODY = YES;
				CLANG_WARN_ENUM_CONVERSION = YES;
				CLANG_WARN_INFINITE_RECURSION = YES;
				CLANG_WARN_INT_CONVERSION = YES;
				CLANG_WARN_NON_LITERAL_NULL_CONVERSION = YES;
				CLANG_WARN_OBJC_IMPLICIT_RETAIN_SELF = YES;
				CLANG_WARN_OBJC_LITERAL_CONVERSION = YES;
				CLANG_WARN_OBJC_ROOT_CLASS = YES_ERROR;
				CLANG_WARN_QUOTED_INCLUDE_IN_FRAMEWORK_HEADER = YES;
				CLANG_WARN_RANGE_LOOP_ANALYSIS = YES;
				CLANG_WARN_STRICT_PROTOTYPES = YES;
				CLANG_WARN_SUSPICIOUS_MOVE = YES;
				CLANG_WARN_UNGUARDED_AVAILABILITY = YES_AGGRESSIVE;
				CLANG_WARN_UNREACHABLE_CODE = YES;
				CLANG_WARN__DUPLICATE_METHOD_MATCH = YES;
				COPY_PHASE_STRIP = NO;
				DEBUG_INFORMATION_FORMAT = "dwarf-with-dsym";
				ENABLE_NS_ASSERTIONS = NO;
				ENABLE_STRICT_OBJC_MSGSEND = YES;
				GCC_C_LANGUAGE_STANDARD = gnu11;
				GCC_NO_COMMON_BLOCKS = YES;
				GCC_WARN_64_TO_32_BIT_CONVERSION = YES;
				GCC_WARN_ABOUT_RETURN_TYPE = YES_ERROR;
				GCC_WARN_UNDECLARED_SELECTOR = YES;
				GCC_WARN_UNINITIALIZED_AUTOS = YES_AGGRESSIVE;
				GCC_WARN_UNUSED_FUNCTION = YES;
				GCC_WARN_UNUSED_VARIABLE = YES;
				IPHONEOS_DEPLOYMENT_TARGET = 16.2;
				MTL_ENABLE_DEBUG_INFO = NO;
				MTL_FAST_MATH = YES;
				SDKROOT = iphoneos;
				SWIFT_COMPILATION_MODE = wholemodule;
				SWIFT_OPTIMIZATION_LEVEL = "-O";
				VALIDATE_PRODUCT = YES;
			};
			name = Release;
		};
		1014B73A29C5D8E5001A7ED4 /* Debug */ = {
			isa = XCBuildConfiguration;
			buildSettings = {
				ASSETCATALOG_COMPILER_APPICON_NAME = AppIcon;
				ASSETCATALOG_COMPILER_GLOBAL_ACCENT_COLOR_NAME = AccentColor;
				CODE_SIGN_STYLE = Automatic;
				CURRENT_PROJECT_VERSION = 1;
				DEVELOPMENT_TEAM = J6ZM4T69MX;
				GENERATE_INFOPLIST_FILE = YES;
				INFOPLIST_FILE = Pokemon/Info.plist;
				INFOPLIST_KEY_UIApplicationSupportsIndirectInputEvents = YES;
				INFOPLIST_KEY_UILaunchStoryboardName = LaunchScreen;
				INFOPLIST_KEY_UISupportedInterfaceOrientations_iPad = "UIInterfaceOrientationPortrait UIInterfaceOrientationPortraitUpsideDown UIInterfaceOrientationLandscapeLeft UIInterfaceOrientationLandscapeRight";
				INFOPLIST_KEY_UISupportedInterfaceOrientations_iPhone = "UIInterfaceOrientationPortrait UIInterfaceOrientationLandscapeLeft UIInterfaceOrientationLandscapeRight";
				LD_RUNPATH_SEARCH_PATHS = (
					"$(inherited)",
					"@executable_path/Frameworks",
				);
				MARKETING_VERSION = 1.0;
				PRODUCT_BUNDLE_IDENTIFIER = com.anieduard.Pokemon;
				PRODUCT_NAME = "$(TARGET_NAME)";
				SWIFT_EMIT_LOC_STRINGS = YES;
				SWIFT_VERSION = 5.0;
				TARGETED_DEVICE_FAMILY = "1,2";
			};
			name = Debug;
		};
		1014B73B29C5D8E5001A7ED4 /* Release */ = {
			isa = XCBuildConfiguration;
			buildSettings = {
				ASSETCATALOG_COMPILER_APPICON_NAME = AppIcon;
				ASSETCATALOG_COMPILER_GLOBAL_ACCENT_COLOR_NAME = AccentColor;
				CODE_SIGN_STYLE = Automatic;
				CURRENT_PROJECT_VERSION = 1;
				DEVELOPMENT_TEAM = J6ZM4T69MX;
				GENERATE_INFOPLIST_FILE = YES;
				INFOPLIST_FILE = Pokemon/Info.plist;
				INFOPLIST_KEY_UIApplicationSupportsIndirectInputEvents = YES;
				INFOPLIST_KEY_UILaunchStoryboardName = LaunchScreen;
				INFOPLIST_KEY_UISupportedInterfaceOrientations_iPad = "UIInterfaceOrientationPortrait UIInterfaceOrientationPortraitUpsideDown UIInterfaceOrientationLandscapeLeft UIInterfaceOrientationLandscapeRight";
				INFOPLIST_KEY_UISupportedInterfaceOrientations_iPhone = "UIInterfaceOrientationPortrait UIInterfaceOrientationLandscapeLeft UIInterfaceOrientationLandscapeRight";
				LD_RUNPATH_SEARCH_PATHS = (
					"$(inherited)",
					"@executable_path/Frameworks",
				);
				MARKETING_VERSION = 1.0;
				PRODUCT_BUNDLE_IDENTIFIER = com.anieduard.Pokemon;
				PRODUCT_NAME = "$(TARGET_NAME)";
				SWIFT_EMIT_LOC_STRINGS = YES;
				SWIFT_VERSION = 5.0;
				TARGETED_DEVICE_FAMILY = "1,2";
			};
			name = Release;
		};
		1014B73D29C5D8E5001A7ED4 /* Debug */ = {
			isa = XCBuildConfiguration;
			buildSettings = {
				ALWAYS_EMBED_SWIFT_STANDARD_LIBRARIES = YES;
				BUNDLE_LOADER = "$(TEST_HOST)";
				CODE_SIGN_STYLE = Automatic;
				CURRENT_PROJECT_VERSION = 1;
				DEVELOPMENT_TEAM = J6ZM4T69MX;
				GENERATE_INFOPLIST_FILE = YES;
				IPHONEOS_DEPLOYMENT_TARGET = 16.2;
				MARKETING_VERSION = 1.0;
				PRODUCT_BUNDLE_IDENTIFIER = com.anieduard.PokemonTests;
				PRODUCT_NAME = "$(TARGET_NAME)";
				SWIFT_EMIT_LOC_STRINGS = NO;
				SWIFT_VERSION = 5.0;
				TARGETED_DEVICE_FAMILY = "1,2";
				TEST_HOST = "$(BUILT_PRODUCTS_DIR)/Pokemon.app/$(BUNDLE_EXECUTABLE_FOLDER_PATH)/Pokemon";
			};
			name = Debug;
		};
		1014B73E29C5D8E5001A7ED4 /* Release */ = {
			isa = XCBuildConfiguration;
			buildSettings = {
				ALWAYS_EMBED_SWIFT_STANDARD_LIBRARIES = YES;
				BUNDLE_LOADER = "$(TEST_HOST)";
				CODE_SIGN_STYLE = Automatic;
				CURRENT_PROJECT_VERSION = 1;
				DEVELOPMENT_TEAM = J6ZM4T69MX;
				GENERATE_INFOPLIST_FILE = YES;
				IPHONEOS_DEPLOYMENT_TARGET = 16.2;
				MARKETING_VERSION = 1.0;
				PRODUCT_BUNDLE_IDENTIFIER = com.anieduard.PokemonTests;
				PRODUCT_NAME = "$(TARGET_NAME)";
				SWIFT_EMIT_LOC_STRINGS = NO;
				SWIFT_VERSION = 5.0;
				TARGETED_DEVICE_FAMILY = "1,2";
				TEST_HOST = "$(BUILT_PRODUCTS_DIR)/Pokemon.app/$(BUNDLE_EXECUTABLE_FOLDER_PATH)/Pokemon";
			};
			name = Release;
		};
		1014B74029C5D8E5001A7ED4 /* Debug */ = {
			isa = XCBuildConfiguration;
			buildSettings = {
				ALWAYS_EMBED_SWIFT_STANDARD_LIBRARIES = YES;
				CODE_SIGN_STYLE = Automatic;
				CURRENT_PROJECT_VERSION = 1;
				DEVELOPMENT_TEAM = J6ZM4T69MX;
				GENERATE_INFOPLIST_FILE = YES;
				MARKETING_VERSION = 1.0;
				PRODUCT_BUNDLE_IDENTIFIER = com.anieduard.PokemonUITests;
				PRODUCT_NAME = "$(TARGET_NAME)";
				SWIFT_EMIT_LOC_STRINGS = NO;
				SWIFT_VERSION = 5.0;
				TARGETED_DEVICE_FAMILY = "1,2";
				TEST_TARGET_NAME = Pokemon;
			};
			name = Debug;
		};
		1014B74129C5D8E5001A7ED4 /* Release */ = {
			isa = XCBuildConfiguration;
			buildSettings = {
				ALWAYS_EMBED_SWIFT_STANDARD_LIBRARIES = YES;
				CODE_SIGN_STYLE = Automatic;
				CURRENT_PROJECT_VERSION = 1;
				DEVELOPMENT_TEAM = J6ZM4T69MX;
				GENERATE_INFOPLIST_FILE = YES;
				MARKETING_VERSION = 1.0;
				PRODUCT_BUNDLE_IDENTIFIER = com.anieduard.PokemonUITests;
				PRODUCT_NAME = "$(TARGET_NAME)";
				SWIFT_EMIT_LOC_STRINGS = NO;
				SWIFT_VERSION = 5.0;
				TARGETED_DEVICE_FAMILY = "1,2";
				TEST_TARGET_NAME = Pokemon;
			};
			name = Release;
		};
/* End XCBuildConfiguration section */

/* Begin XCConfigurationList section */
		1014B70A29C5D8E3001A7ED4 /* Build configuration list for PBXProject "Pokemon" */ = {
			isa = XCConfigurationList;
			buildConfigurations = (
				1014B73729C5D8E5001A7ED4 /* Debug */,
				1014B73829C5D8E5001A7ED4 /* Release */,
			);
			defaultConfigurationIsVisible = 0;
			defaultConfigurationName = Release;
		};
		1014B73929C5D8E5001A7ED4 /* Build configuration list for PBXNativeTarget "Pokemon" */ = {
			isa = XCConfigurationList;
			buildConfigurations = (
				1014B73A29C5D8E5001A7ED4 /* Debug */,
				1014B73B29C5D8E5001A7ED4 /* Release */,
			);
			defaultConfigurationIsVisible = 0;
			defaultConfigurationName = Release;
		};
		1014B73C29C5D8E5001A7ED4 /* Build configuration list for PBXNativeTarget "PokemonTests" */ = {
			isa = XCConfigurationList;
			buildConfigurations = (
				1014B73D29C5D8E5001A7ED4 /* Debug */,
				1014B73E29C5D8E5001A7ED4 /* Release */,
			);
			defaultConfigurationIsVisible = 0;
			defaultConfigurationName = Release;
		};
		1014B73F29C5D8E5001A7ED4 /* Build configuration list for PBXNativeTarget "PokemonUITests" */ = {
			isa = XCConfigurationList;
			buildConfigurations = (
				1014B74029C5D8E5001A7ED4 /* Debug */,
				1014B74129C5D8E5001A7ED4 /* Release */,
			);
			defaultConfigurationIsVisible = 0;
			defaultConfigurationName = Release;
		};
/* End XCConfigurationList section */

/* Begin XCRemoteSwiftPackageReference section */
		10D47C6029C7BA770041343D /* XCRemoteSwiftPackageReference "Kingfisher" */ = {
			isa = XCRemoteSwiftPackageReference;
			repositoryURL = "https://github.com/onevcat/Kingfisher.git";
			requirement = {
				kind = upToNextMajorVersion;
				minimumVersion = 7.0.0;
			};
		};
		10D47C6C29C7C2320041343D /* XCRemoteSwiftPackageReference "lottie-ios" */ = {
			isa = XCRemoteSwiftPackageReference;
			repositoryURL = "https://github.com/airbnb/lottie-ios.git";
			requirement = {
				kind = upToNextMajorVersion;
				minimumVersion = 4.0.0;
			};
		};
/* End XCRemoteSwiftPackageReference section */

/* Begin XCSwiftPackageProductDependency section */
		10D47C6129C7BA770041343D /* Kingfisher */ = {
			isa = XCSwiftPackageProductDependency;
			package = 10D47C6029C7BA770041343D /* XCRemoteSwiftPackageReference "Kingfisher" */;
			productName = Kingfisher;
		};
		10D47C6D29C7C2320041343D /* Lottie */ = {
			isa = XCSwiftPackageProductDependency;
			package = 10D47C6C29C7C2320041343D /* XCRemoteSwiftPackageReference "lottie-ios" */;
			productName = Lottie;
		};
/* End XCSwiftPackageProductDependency section */
	};
	rootObject = 1014B70729C5D8E3001A7ED4 /* Project object */;
}
